
Microsoft Visual Studio Solution File, Format Version 12.00
# Visual Studio 15
VisualStudioVersion = 15.0.28307.572
MinimumVisualStudioVersion = 10.0.40219.1
Project("{FAE04EC0-301F-11D3-BF4B-00C04F79EFBC}") = "Waifu-Party", "Waifu-Party\Waifu-Party.csproj", "{C73DF0F6-3A07-43C6-98FD-02B90572FA48}"
EndProject
Global
	GlobalSection(SolutionConfigurationPlatforms) = preSolution
		Debug|Any CPU = Debug|Any CPU
		Release|Any CPU = Release|Any CPU
	EndGlobalSection
	GlobalSection(ProjectConfigurationPlatforms) = postSolution
		{C73DF0F6-3A07-43C6-98FD-02B90572FA48}.Debug|Any CPU.ActiveCfg = Debug|Any CPU
		{C73DF0F6-3A07-43C6-98FD-02B90572FA48}.Debug|Any CPU.Build.0 = Debug|Any CPU
		{C73DF0F6-3A07-43C6-98FD-02B90572FA48}.Release|Any CPU.ActiveCfg = Release|Any CPU
		{C73DF0F6-3A07-43C6-98FD-02B90572FA48}.Release|Any CPU.Build.0 = Release|Any CPU
	EndGlobalSection
	GlobalSection(SolutionProperties) = preSolution
		HideSolutionNode = FALSE
	EndGlobalSection
	GlobalSection(ExtensibilityGlobals) = postSolution
		SolutionGuid = {DDE09D7F-187D-4CD7-B1F7-293FB056AA7C}
	EndGlobalSection
EndGlobal
